
Microsoft Visual Studio Solution File, Format Version 12.00
# Visual Studio Version 17
VisualStudioVersion = 17.6.33829.357
MinimumVisualStudioVersion = 10.0.40219.1
Project("{FAE04EC0-301F-11D3-BF4B-00C04F79EFBC}") = "Ex01ReadAllText", "Ex01ReadAllText\Ex01ReadAllText.csproj", "{7F3C24FB-4C0E-4C52-89B3-D4AFF7D34165}"
EndProject
Project("{FAE04EC0-301F-11D3-BF4B-00C04F79EFBC}") = "Ex02ReadWrite", "Ex02ReadWrite\Ex02ReadWrite.csproj", "{6E40F8DE-3E34-4CB9-A52C-4CFD39265708}"
EndProject
Project("{FAE04EC0-301F-11D3-BF4B-00C04F79EFBC}") = "Ex03ReadToString", "Ex03ReadToString\Ex03ReadToString.csproj", "{9364651C-9C7A-4E85-A0C2-C6CBC42AF090}"
EndProject
Project("{FAE04EC0-301F-11D3-BF4B-00C04F79EFBC}") = "Ex04GetFiles", "Ex04GetFiles\Ex04GetFiles.csproj", "{47374970-7B4D-4E9F-AE03-96FB281FF49C}"
EndProject
Project("{FAE04EC0-301F-11D3-BF4B-00C04F79EFBC}") = "Ex05DeleteFiles", "Ex05DeleteFiles\Ex05DeleteFiles.csproj", "{AE5FA67F-16B4-44D8-8D5E-97455BD4A7BB}"
EndProject
Project("{FAE04EC0-301F-11D3-BF4B-00C04F79EFBC}") = "Ex06DeleteDirectory", "Ex06DeleteDirectory\Ex06DeleteDirectory.csproj", "{ECD94941-0AB1-47F0-B920-692B30B8AE07}"
EndProject
Project("{FAE04EC0-301F-11D3-BF4B-00C04F79EFBC}") = "Ex01", "Ex01\Ex01.csproj", "{1FD7BBBD-5500-44E6-8F0C-6EF79A635B22}"
EndProject
Global
	GlobalSection(SolutionConfigurationPlatforms) = preSolution
		Debug|Any CPU = Debug|Any CPU
		Debug|Mixed Platforms = Debug|Mixed Platforms
		Debug|x86 = Debug|x86
		Release|Any CPU = Release|Any CPU
		Release|Mixed Platforms = Release|Mixed Platforms
		Release|x86 = Release|x86
	EndGlobalSection
	GlobalSection(ProjectConfigurationPlatforms) = postSolution
		{7F3C24FB-4C0E-4C52-89B3-D4AFF7D34165}.Debug|Any CPU.ActiveCfg = Debug|x86
		{7F3C24FB-4C0E-4C52-89B3-D4AFF7D34165}.Debug|Mixed Platforms.ActiveCfg = Debug|x86
		{7F3C24FB-4C0E-4C52-89B3-D4AFF7D34165}.Debug|Mixed Platforms.Build.0 = Debug|x86
		{7F3C24FB-4C0E-4C52-89B3-D4AFF7D34165}.Debug|x86.ActiveCfg = Debug|x86
		{7F3C24FB-4C0E-4C52-89B3-D4AFF7D34165}.Debug|x86.Build.0 = Debug|x86
		{7F3C24FB-4C0E-4C52-89B3-D4AFF7D34165}.Release|Any CPU.ActiveCfg = Release|x86
		{7F3C24FB-4C0E-4C52-89B3-D4AFF7D34165}.Release|Mixed Platforms.ActiveCfg = Release|x86
		{7F3C24FB-4C0E-4C52-89B3-D4AFF7D34165}.Release|Mixed Platforms.Build.0 = Release|x86
		{7F3C24FB-4C0E-4C52-89B3-D4AFF7D34165}.Release|x86.ActiveCfg = Release|x86
		{7F3C24FB-4C0E-4C52-89B3-D4AFF7D34165}.Release|x86.Build.0 = Release|x86
		{6E40F8DE-3E34-4CB9-A52C-4CFD39265708}.Debug|Any CPU.ActiveCfg = Debug|x86
		{6E40F8DE-3E34-4CB9-A52C-4CFD39265708}.Debug|Mixed Platforms.ActiveCfg = Debug|x86
		{6E40F8DE-3E34-4CB9-A52C-4CFD39265708}.Debug|Mixed Platforms.Build.0 = Debug|x86
		{6E40F8DE-3E34-4CB9-A52C-4CFD39265708}.Debug|x86.ActiveCfg = Debug|x86
		{6E40F8DE-3E34-4CB9-A52C-4CFD39265708}.Debug|x86.Build.0 = Debug|x86
		{6E40F8DE-3E34-4CB9-A52C-4CFD39265708}.Release|Any CPU.ActiveCfg = Release|x86
		{6E40F8DE-3E34-4CB9-A52C-4CFD39265708}.Release|Mixed Platforms.ActiveCfg = Release|x86
		{6E40F8DE-3E34-4CB9-A52C-4CFD39265708}.Release|Mixed Platforms.Build.0 = Release|x86
		{6E40F8DE-3E34-4CB9-A52C-4CFD39265708}.Release|x86.ActiveCfg = Release|x86
		{6E40F8DE-3E34-4CB9-A52C-4CFD39265708}.Release|x86.Build.0 = Release|x86
		{9364651C-9C7A-4E85-A0C2-C6CBC42AF090}.Debug|Any CPU.ActiveCfg = Debug|x86
		{9364651C-9C7A-4E85-A0C2-C6CBC42AF090}.Debug|Mixed Platforms.ActiveCfg = Debug|x86
		{9364651C-9C7A-4E85-A0C2-C6CBC42AF090}.Debug|Mixed Platforms.Build.0 = Debug|x86
		{9364651C-9C7A-4E85-A0C2-C6CBC42AF090}.Debug|x86.ActiveCfg = Debug|x86
		{9364651C-9C7A-4E85-A0C2-C6CBC42AF090}.Debug|x86.Build.0 = Debug|x86
		{9364651C-9C7A-4E85-A0C2-C6CBC42AF090}.Release|Any CPU.ActiveCfg = Release|x86
		{9364651C-9C7A-4E85-A0C2-C6CBC42AF090}.Release|Mixed Platforms.ActiveCfg = Release|x86
		{9364651C-9C7A-4E85-A0C2-C6CBC42AF090}.Release|Mixed Platforms.Build.0 = Release|x86
		{9364651C-9C7A-4E85-A0C2-C6CBC42AF090}.Release|x86.ActiveCfg = Release|x86
		{9364651C-9C7A-4E85-A0C2-C6CBC42AF090}.Release|x86.Build.0 = Release|x86
		{47374970-7B4D-4E9F-AE03-96FB281FF49C}.Debug|Any CPU.ActiveCfg = Debug|x86
		{47374970-7B4D-4E9F-AE03-96FB281FF49C}.Debug|Mixed Platforms.ActiveCfg = Debug|x86
		{47374970-7B4D-4E9F-AE03-96FB281FF49C}.Debug|Mixed Platforms.Build.0 = Debug|x86
		{47374970-7B4D-4E9F-AE03-96FB281FF49C}.Debug|x86.ActiveCfg = Debug|x86
		{47374970-7B4D-4E9F-AE03-96FB281FF49C}.Debug|x86.Build.0 = Debug|x86
		{47374970-7B4D-4E9F-AE03-96FB281FF49C}.Release|Any CPU.ActiveCfg = Release|x86
		{47374970-7B4D-4E9F-AE03-96FB281FF49C}.Release|Mixed Platforms.ActiveCfg = Release|x86
		{47374970-7B4D-4E9F-AE03-96FB281FF49C}.Release|Mixed Platforms.Build.0 = Release|x86
		{47374970-7B4D-4E9F-AE03-96FB281FF49C}.Release|x86.ActiveCfg = Release|x86
		{47374970-7B4D-4E9F-AE03-96FB281FF49C}.Release|x86.Build.0 = Release|x86
		{AE5FA67F-16B4-44D8-8D5E-97455BD4A7BB}.Debug|Any CPU.ActiveCfg = Debug|x86
		{AE5FA67F-16B4-44D8-8D5E-97455BD4A7BB}.Debug|Mixed Platforms.ActiveCfg = Debug|x86
		{AE5FA67F-16B4-44D8-8D5E-97455BD4A7BB}.Debug|Mixed Platforms.Build.0 = Debug|x86
		{AE5FA67F-16B4-44D8-8D5E-97455BD4A7BB}.Debug|x86.ActiveCfg = Debug|x86
		{AE5FA67F-16B4-44D8-8D5E-97455BD4A7BB}.Debug|x86.Build.0 = Debug|x86
		{AE5FA67F-16B4-44D8-8D5E-97455BD4A7BB}.Release|Any CPU.ActiveCfg = Release|x86
		{AE5FA67F-16B4-44D8-8D5E-97455BD4A7BB}.Release|Mixed Platforms.ActiveCfg = Release|x86
		{AE5FA67F-16B4-44D8-8D5E-97455BD4A7BB}.Release|Mixed Platforms.Build.0 = Release|x86
		{AE5FA67F-16B4-44D8-8D5E-97455BD4A7BB}.Release|x86.ActiveCfg = Release|x86
		{AE5FA67F-16B4-44D8-8D5E-97455BD4A7BB}.Release|x86.Build.0 = Release|x86
		{ECD94941-0AB1-47F0-B920-692B30B8AE07}.Debug|Any CPU.ActiveCfg = Debug|Any CPU
		{ECD94941-0AB1-47F0-B920-692B30B8AE07}.Debug|Any CPU.Build.0 = Debug|Any CPU
		{ECD94941-0AB1-47F0-B920-692B30B8AE07}.Debug|Mixed Platforms.ActiveCfg = Debug|Any CPU
		{ECD94941-0AB1-47F0-B920-692B30B8AE07}.Debug|Mixed Platforms.Build.0 = Debug|Any CPU
		{ECD94941-0AB1-47F0-B920-692B30B8AE07}.Debug|x86.ActiveCfg = Debug|Any CPU
		{ECD94941-0AB1-47F0-B920-692B30B8AE07}.Release|Any CPU.ActiveCfg = Release|Any CPU
		{ECD94941-0AB1-47F0-B920-692B30B8AE07}.Release|Any CPU.Build.0 = Release|Any CPU
		{ECD94941-0AB1-47F0-B920-692B30B8AE07}.Release|Mixed Platforms.ActiveCfg = Release|Any CPU
		{ECD94941-0AB1-47F0-B920-692B30B8AE07}.Release|Mixed Platforms.Build.0 = Release|Any CPU
		{ECD94941-0AB1-47F0-B920-692B30B8AE07}.Release|x86.ActiveCfg = Release|Any CPU
		{1FD7BBBD-5500-44E6-8F0C-6EF79A635B22}.Debug|Any CPU.ActiveCfg = Debug|Any CPU
		{1FD7BBBD-5500-44E6-8F0C-6EF79A635B22}.Debug|Any CPU.Build.0 = Debug|Any CPU
		{1FD7BBBD-5500-44E6-8F0C-6EF79A635B22}.Debug|Mixed Platforms.ActiveCfg = Debug|Any CPU
		{1FD7BBBD-5500-44E6-8F0C-6EF79A635B22}.Debug|Mixed Platforms.Build.0 = Debug|Any CPU
		{1FD7BBBD-5500-44E6-8F0C-6EF79A635B22}.Debug|x86.ActiveCfg = Debug|Any CPU
		{1FD7BBBD-5500-44E6-8F0C-6EF79A635B22}.Debug|x86.Build.0 = Debug|Any CPU
		{1FD7BBBD-5500-44E6-8F0C-6EF79A635B22}.Release|Any CPU.ActiveCfg = Release|Any CPU
		{1FD7BBBD-5500-44E6-8F0C-6EF79A635B22}.Release|Any CPU.Build.0 = Release|Any CPU
		{1FD7BBBD-5500-44E6-8F0C-6EF79A635B22}.Release|Mixed Platforms.ActiveCfg = Release|Any CPU
		{1FD7BBBD-5500-44E6-8F0C-6EF79A635B22}.Release|Mixed Platforms.Build.0 = Release|Any CPU
		{1FD7BBBD-5500-44E6-8F0C-6EF79A635B22}.Release|x86.ActiveCfg = Release|Any CPU
		{1FD7BBBD-5500-44E6-8F0C-6EF79A635B22}.Release|x86.Build.0 = Release|Any CPU
	EndGlobalSection
	GlobalSection(SolutionProperties) = preSolution
		HideSolutionNode = FALSE
	EndGlobalSection
	GlobalSection(ExtensibilityGlobals) = postSolution
		SolutionGuid = {C14F3899-52DC-4BF8-9FD9-E5C39394DF47}
	EndGlobalSection
EndGlobal
