
Microsoft Visual Studio Solution File, Format Version 11.00
# Visual Studio 2010
Project("{FAE04EC0-301F-11D3-BF4B-00C04F79EFBC}") = "ThreadPool1", "ThreadPool1\ThreadPool1.csproj", "{2CA269FF-BBD5-4944-B44C-A7E8FB769986}"
EndProject
Project("{FAE04EC0-301F-11D3-BF4B-00C04F79EFBC}") = "ThreadPool2", "ThreadPool2\ThreadPool2.csproj", "{EFC4D01E-6271-4691-B1E4-2E1B77BDFD69}"
EndProject
Project("{FAE04EC0-301F-11D3-BF4B-00C04F79EFBC}") = "ThreadPool3", "ThreadPool3\ThreadPool3.csproj", "{262A0EDA-73FB-4D73-8D81-6886F1A46806}"
EndProject
Project("{FAE04EC0-301F-11D3-BF4B-00C04F79EFBC}") = "Thread01", "Thread01\Thread01.csproj", "{B8A84BBD-996B-44AF-BC3C-D4920858230A}"
EndProject
Project("{FAE04EC0-301F-11D3-BF4B-00C04F79EFBC}") = "Thread02", "Thread02\Thread02.csproj", "{C8D164C6-D355-4880-9868-B27FF8649FDD}"
EndProject
Project("{FAE04EC0-301F-11D3-BF4B-00C04F79EFBC}") = "Thread03", "Thread03\Thread03.csproj", "{5D8D96CF-2EDD-461A-9B95-7120F12428C3}"
EndProject
Project("{FAE04EC0-301F-11D3-BF4B-00C04F79EFBC}") = "Thread04", "Thread04\Thread04.csproj", "{78C77115-F4A9-4300-B86D-425600A0C40F}"
EndProject
Project("{FAE04EC0-301F-11D3-BF4B-00C04F79EFBC}") = "Task01", "Task01\Task01.csproj", "{6220404A-AD49-4B16-B71B-458F5B6F6D28}"
EndProject
Project("{FAE04EC0-301F-11D3-BF4B-00C04F79EFBC}") = "Timers", "Timers\Timers.csproj", "{F41ADC09-CE84-4656-A44A-EE771E57AA03}"
EndProject
Project("{FAE04EC0-301F-11D3-BF4B-00C04F79EFBC}") = "Thread05", "Thread05\Thread05.csproj", "{9E233196-F91C-48B8-8909-67FFE47FA2B6}"
EndProject
Project("{FAE04EC0-301F-11D3-BF4B-00C04F79EFBC}") = "Thread06", "Thread06\Thread06.csproj", "{C72B3485-9317-4BF7-95B6-02DD64962D19}"
EndProject
Project("{FAE04EC0-301F-11D3-BF4B-00C04F79EFBC}") = "Thread07", "Thread07\Thread07.csproj", "{92FEC02B-31FC-4E7E-BA90-86B254D3531E}"
EndProject
Project("{FAE04EC0-301F-11D3-BF4B-00C04F79EFBC}") = "Thread08", "Thread08\Thread08.csproj", "{7D07FD75-B0D3-420E-92D5-DFD907EE5613}"
EndProject
Project("{FAE04EC0-301F-11D3-BF4B-00C04F79EFBC}") = "Thread09", "Thread09\Thread09.csproj", "{D9018F9C-CD9D-44CA-9DA2-B24B3CECE335}"
EndProject
Project("{FAE04EC0-301F-11D3-BF4B-00C04F79EFBC}") = "Thread10", "Thread10\Thread10.csproj", "{D2906D9E-171B-4AD1-B32B-051AE2006F39}"
EndProject
Project("{FAE04EC0-301F-11D3-BF4B-00C04F79EFBC}") = "Thread11", "Thread11\Thread11.csproj", "{88110B7A-A3D6-47B8-ABAE-EF7927654456}"
EndProject
Project("{FAE04EC0-301F-11D3-BF4B-00C04F79EFBC}") = "Thread12", "Thread12\Thread12.csproj", "{C059D7CA-C349-4A86-8776-3EBF7375521C}"
EndProject
Project("{FAE04EC0-301F-11D3-BF4B-00C04F79EFBC}") = "Thread13", "Thread13\Thread13.csproj", "{46383E2C-14E7-47D1-B067-B55BAC9ED62C}"
EndProject
Project("{FAE04EC0-301F-11D3-BF4B-00C04F79EFBC}") = "Thread14", "Thread14\Thread14.csproj", "{994EAE9C-FE6A-44E5-8915-11A8EB73DACD}"
EndProject
Project("{FAE04EC0-301F-11D3-BF4B-00C04F79EFBC}") = "Thread15", "Thread15\Thread15.csproj", "{F9BF7876-8FD1-4716-A8A6-52B77DEE55FF}"
EndProject
Project("{FAE04EC0-301F-11D3-BF4B-00C04F79EFBC}") = "Thread16", "Thread16\Thread16.csproj", "{93C649FB-BF62-43FE-943D-201CD8823BAB}"
EndProject
Project("{FAE04EC0-301F-11D3-BF4B-00C04F79EFBC}") = "Synchronization01", "Synchronization01\Synchronization01.csproj", "{7C24D56B-CBF9-4379-A75B-75125ED966D1}"
EndProject
Project("{FAE04EC0-301F-11D3-BF4B-00C04F79EFBC}") = "Synchronization02", "Synchronization02\Synchronization02.csproj", "{4E305E50-A92E-4AC6-8542-AB0C107C395D}"
EndProject
Project("{FAE04EC0-301F-11D3-BF4B-00C04F79EFBC}") = "Synchronization03", "Synchronization03\Synchronization03.csproj", "{FBB7C45A-9D75-4E14-99C3-07EEDCA3722A}"
EndProject
Project("{FAE04EC0-301F-11D3-BF4B-00C04F79EFBC}") = "Synchronization04", "Synchronization04\Synchronization04.csproj", "{64D0001E-7FA7-446C-A148-E8639B3AB589}"
EndProject
Project("{FAE04EC0-301F-11D3-BF4B-00C04F79EFBC}") = "Synchronization05", "Synchronization05\Synchronization05.csproj", "{8646A535-664A-4D2C-B25F-AEBEAF1356A0}"
EndProject
Project("{FAE04EC0-301F-11D3-BF4B-00C04F79EFBC}") = "Synchronization06", "Synchronization06\Synchronization06.csproj", "{70D6447B-E38C-4909-A973-DF77963EE222}"
EndProject
Project("{FAE04EC0-301F-11D3-BF4B-00C04F79EFBC}") = "Synchronization07", "Synchronization07\Synchronization07.csproj", "{E80665A2-2048-43C5-A201-DAC1D8A8C93D}"
EndProject
Project("{FAE04EC0-301F-11D3-BF4B-00C04F79EFBC}") = "Task02", "Task02\Task02.csproj", "{A92969F8-8FBC-4E97-83E7-85696210D108}"
EndProject
Project("{FAE04EC0-301F-11D3-BF4B-00C04F79EFBC}") = "Task03", "Task03\Task03.csproj", "{8EA1507F-2C26-4289-8CFF-1B3510DC1092}"
EndProject
Project("{FAE04EC0-301F-11D3-BF4B-00C04F79EFBC}") = "Task04", "Task04\Task04.csproj", "{4FA3CC31-2640-4B19-AD4B-6C622DEBC137}"
EndProject
Project("{FAE04EC0-301F-11D3-BF4B-00C04F79EFBC}") = "Task05", "Task05\Task05.csproj", "{1BE803F7-E668-4871-8C14-44F216ACD35B}"
EndProject
Project("{FAE04EC0-301F-11D3-BF4B-00C04F79EFBC}") = "Pattern01", "Pattern01\Pattern01.csproj", "{99F6C6F5-1DB5-4D80-A93B-012C741B7896}"
EndProject
Project("{FAE04EC0-301F-11D3-BF4B-00C04F79EFBC}") = "Pattern02", "Pattern02\Pattern02.csproj", "{EC01B58D-65B4-46C6-BBFB-2861480382E4}"
EndProject
Project("{FAE04EC0-301F-11D3-BF4B-00C04F79EFBC}") = "TPL01", "TPL01\TPL01.csproj", "{0CA47150-481E-4B94-86D2-3B97A8D08CC7}"
EndProject
Project("{FAE04EC0-301F-11D3-BF4B-00C04F79EFBC}") = "TPL02", "TPL02\TPL02.csproj", "{5966B416-162E-4CBE-AEA9-758F97AC47E1}"
EndProject
Project("{FAE04EC0-301F-11D3-BF4B-00C04F79EFBC}") = "TPL03", "TPL03\TPL03.csproj", "{3E6E701D-768D-4F9A-AAB4-80F87A918F04}"
EndProject
Project("{FAE04EC0-301F-11D3-BF4B-00C04F79EFBC}") = "TPL04", "TPL04\TPL04.csproj", "{6AACAE45-F02B-4D71-B240-BAA24C1EE537}"
EndProject
Project("{FAE04EC0-301F-11D3-BF4B-00C04F79EFBC}") = "TPL10", "TPL10\TPL10.csproj", "{E514721E-60D6-4314-A200-84B3E498A1B1}"
EndProject
Project("{FAE04EC0-301F-11D3-BF4B-00C04F79EFBC}") = "Synchronization10", "Synchronization10\Synchronization10.csproj", "{19B8BB75-5B1A-4302-95F8-84AB7EA2375E}"
EndProject
Project("{FAE04EC0-301F-11D3-BF4B-00C04F79EFBC}") = "Synchronization08", "Synchronization08\Synchronization08.csproj", "{F6E8B7D5-F3BA-48D4-A25B-A9D1CF41382B}"
EndProject
Project("{FAE04EC0-301F-11D3-BF4B-00C04F79EFBC}") = "TPLSync", "TPLSync\TPLSync.csproj", "{BA7B1179-4749-47DC-B54E-89E1423453D2}"
EndProject
Global
	GlobalSection(SolutionConfigurationPlatforms) = preSolution
		Debug|x86 = Debug|x86
		Release|x86 = Release|x86
	EndGlobalSection
	GlobalSection(ProjectConfigurationPlatforms) = postSolution
		{2CA269FF-BBD5-4944-B44C-A7E8FB769986}.Debug|x86.ActiveCfg = Debug|x86
		{2CA269FF-BBD5-4944-B44C-A7E8FB769986}.Debug|x86.Build.0 = Debug|x86
		{2CA269FF-BBD5-4944-B44C-A7E8FB769986}.Release|x86.ActiveCfg = Release|x86
		{2CA269FF-BBD5-4944-B44C-A7E8FB769986}.Release|x86.Build.0 = Release|x86
		{EFC4D01E-6271-4691-B1E4-2E1B77BDFD69}.Debug|x86.ActiveCfg = Debug|x86
		{EFC4D01E-6271-4691-B1E4-2E1B77BDFD69}.Debug|x86.Build.0 = Debug|x86
		{EFC4D01E-6271-4691-B1E4-2E1B77BDFD69}.Release|x86.ActiveCfg = Release|x86
		{EFC4D01E-6271-4691-B1E4-2E1B77BDFD69}.Release|x86.Build.0 = Release|x86
		{262A0EDA-73FB-4D73-8D81-6886F1A46806}.Debug|x86.ActiveCfg = Debug|x86
		{262A0EDA-73FB-4D73-8D81-6886F1A46806}.Debug|x86.Build.0 = Debug|x86
		{262A0EDA-73FB-4D73-8D81-6886F1A46806}.Release|x86.ActiveCfg = Release|x86
		{262A0EDA-73FB-4D73-8D81-6886F1A46806}.Release|x86.Build.0 = Release|x86
		{B8A84BBD-996B-44AF-BC3C-D4920858230A}.Debug|x86.ActiveCfg = Debug|x86
		{B8A84BBD-996B-44AF-BC3C-D4920858230A}.Debug|x86.Build.0 = Debug|x86
		{B8A84BBD-996B-44AF-BC3C-D4920858230A}.Release|x86.ActiveCfg = Release|x86
		{B8A84BBD-996B-44AF-BC3C-D4920858230A}.Release|x86.Build.0 = Release|x86
		{C8D164C6-D355-4880-9868-B27FF8649FDD}.Debug|x86.ActiveCfg = Debug|x86
		{C8D164C6-D355-4880-9868-B27FF8649FDD}.Debug|x86.Build.0 = Debug|x86
		{C8D164C6-D355-4880-9868-B27FF8649FDD}.Release|x86.ActiveCfg = Release|x86
		{C8D164C6-D355-4880-9868-B27FF8649FDD}.Release|x86.Build.0 = Release|x86
		{5D8D96CF-2EDD-461A-9B95-7120F12428C3}.Debug|x86.ActiveCfg = Debug|x86
		{5D8D96CF-2EDD-461A-9B95-7120F12428C3}.Debug|x86.Build.0 = Debug|x86
		{5D8D96CF-2EDD-461A-9B95-7120F12428C3}.Release|x86.ActiveCfg = Release|x86
		{5D8D96CF-2EDD-461A-9B95-7120F12428C3}.Release|x86.Build.0 = Release|x86
		{78C77115-F4A9-4300-B86D-425600A0C40F}.Debug|x86.ActiveCfg = Debug|x86
		{78C77115-F4A9-4300-B86D-425600A0C40F}.Debug|x86.Build.0 = Debug|x86
		{78C77115-F4A9-4300-B86D-425600A0C40F}.Release|x86.ActiveCfg = Release|x86
		{78C77115-F4A9-4300-B86D-425600A0C40F}.Release|x86.Build.0 = Release|x86
		{6220404A-AD49-4B16-B71B-458F5B6F6D28}.Debug|x86.ActiveCfg = Debug|x86
		{6220404A-AD49-4B16-B71B-458F5B6F6D28}.Debug|x86.Build.0 = Debug|x86
		{6220404A-AD49-4B16-B71B-458F5B6F6D28}.Release|x86.ActiveCfg = Release|x86
		{6220404A-AD49-4B16-B71B-458F5B6F6D28}.Release|x86.Build.0 = Release|x86
		{F41ADC09-CE84-4656-A44A-EE771E57AA03}.Debug|x86.ActiveCfg = Debug|x86
		{F41ADC09-CE84-4656-A44A-EE771E57AA03}.Debug|x86.Build.0 = Debug|x86
		{F41ADC09-CE84-4656-A44A-EE771E57AA03}.Release|x86.ActiveCfg = Release|x86
		{F41ADC09-CE84-4656-A44A-EE771E57AA03}.Release|x86.Build.0 = Release|x86
		{9E233196-F91C-48B8-8909-67FFE47FA2B6}.Debug|x86.ActiveCfg = Debug|x86
		{9E233196-F91C-48B8-8909-67FFE47FA2B6}.Debug|x86.Build.0 = Debug|x86
		{9E233196-F91C-48B8-8909-67FFE47FA2B6}.Release|x86.ActiveCfg = Release|x86
		{9E233196-F91C-48B8-8909-67FFE47FA2B6}.Release|x86.Build.0 = Release|x86
		{C72B3485-9317-4BF7-95B6-02DD64962D19}.Debug|x86.ActiveCfg = Debug|x86
		{C72B3485-9317-4BF7-95B6-02DD64962D19}.Debug|x86.Build.0 = Debug|x86
		{C72B3485-9317-4BF7-95B6-02DD64962D19}.Release|x86.ActiveCfg = Release|x86
		{C72B3485-9317-4BF7-95B6-02DD64962D19}.Release|x86.Build.0 = Release|x86
		{92FEC02B-31FC-4E7E-BA90-86B254D3531E}.Debug|x86.ActiveCfg = Debug|x86
		{92FEC02B-31FC-4E7E-BA90-86B254D3531E}.Debug|x86.Build.0 = Debug|x86
		{92FEC02B-31FC-4E7E-BA90-86B254D3531E}.Release|x86.ActiveCfg = Release|x86
		{92FEC02B-31FC-4E7E-BA90-86B254D3531E}.Release|x86.Build.0 = Release|x86
		{7D07FD75-B0D3-420E-92D5-DFD907EE5613}.Debug|x86.ActiveCfg = Debug|x86
		{7D07FD75-B0D3-420E-92D5-DFD907EE5613}.Debug|x86.Build.0 = Debug|x86
		{7D07FD75-B0D3-420E-92D5-DFD907EE5613}.Release|x86.ActiveCfg = Release|x86
		{7D07FD75-B0D3-420E-92D5-DFD907EE5613}.Release|x86.Build.0 = Release|x86
		{D9018F9C-CD9D-44CA-9DA2-B24B3CECE335}.Debug|x86.ActiveCfg = Debug|x86
		{D9018F9C-CD9D-44CA-9DA2-B24B3CECE335}.Debug|x86.Build.0 = Debug|x86
		{D9018F9C-CD9D-44CA-9DA2-B24B3CECE335}.Release|x86.ActiveCfg = Release|x86
		{D9018F9C-CD9D-44CA-9DA2-B24B3CECE335}.Release|x86.Build.0 = Release|x86
		{D2906D9E-171B-4AD1-B32B-051AE2006F39}.Debug|x86.ActiveCfg = Debug|x86
		{D2906D9E-171B-4AD1-B32B-051AE2006F39}.Debug|x86.Build.0 = Debug|x86
		{D2906D9E-171B-4AD1-B32B-051AE2006F39}.Release|x86.ActiveCfg = Release|x86
		{D2906D9E-171B-4AD1-B32B-051AE2006F39}.Release|x86.Build.0 = Release|x86
		{88110B7A-A3D6-47B8-ABAE-EF7927654456}.Debug|x86.ActiveCfg = Debug|x86
		{88110B7A-A3D6-47B8-ABAE-EF7927654456}.Debug|x86.Build.0 = Debug|x86
		{88110B7A-A3D6-47B8-ABAE-EF7927654456}.Release|x86.ActiveCfg = Release|x86
		{88110B7A-A3D6-47B8-ABAE-EF7927654456}.Release|x86.Build.0 = Release|x86
		{C059D7CA-C349-4A86-8776-3EBF7375521C}.Debug|x86.ActiveCfg = Debug|x86
		{C059D7CA-C349-4A86-8776-3EBF7375521C}.Debug|x86.Build.0 = Debug|x86
		{C059D7CA-C349-4A86-8776-3EBF7375521C}.Release|x86.ActiveCfg = Release|x86
		{C059D7CA-C349-4A86-8776-3EBF7375521C}.Release|x86.Build.0 = Release|x86
		{46383E2C-14E7-47D1-B067-B55BAC9ED62C}.Debug|x86.ActiveCfg = Debug|x86
		{46383E2C-14E7-47D1-B067-B55BAC9ED62C}.Debug|x86.Build.0 = Debug|x86
		{46383E2C-14E7-47D1-B067-B55BAC9ED62C}.Release|x86.ActiveCfg = Release|x86
		{46383E2C-14E7-47D1-B067-B55BAC9ED62C}.Release|x86.Build.0 = Release|x86
		{994EAE9C-FE6A-44E5-8915-11A8EB73DACD}.Debug|x86.ActiveCfg = Debug|x86
		{994EAE9C-FE6A-44E5-8915-11A8EB73DACD}.Debug|x86.Build.0 = Debug|x86
		{994EAE9C-FE6A-44E5-8915-11A8EB73DACD}.Release|x86.ActiveCfg = Release|x86
		{994EAE9C-FE6A-44E5-8915-11A8EB73DACD}.Release|x86.Build.0 = Release|x86
		{F9BF7876-8FD1-4716-A8A6-52B77DEE55FF}.Debug|x86.ActiveCfg = Debug|x86
		{F9BF7876-8FD1-4716-A8A6-52B77DEE55FF}.Debug|x86.Build.0 = Debug|x86
		{F9BF7876-8FD1-4716-A8A6-52B77DEE55FF}.Release|x86.ActiveCfg = Release|x86
		{F9BF7876-8FD1-4716-A8A6-52B77DEE55FF}.Release|x86.Build.0 = Release|x86
		{93C649FB-BF62-43FE-943D-201CD8823BAB}.Debug|x86.ActiveCfg = Debug|x86
		{93C649FB-BF62-43FE-943D-201CD8823BAB}.Debug|x86.Build.0 = Debug|x86
		{93C649FB-BF62-43FE-943D-201CD8823BAB}.Release|x86.ActiveCfg = Release|x86
		{93C649FB-BF62-43FE-943D-201CD8823BAB}.Release|x86.Build.0 = Release|x86
		{7C24D56B-CBF9-4379-A75B-75125ED966D1}.Debug|x86.ActiveCfg = Debug|x86
		{7C24D56B-CBF9-4379-A75B-75125ED966D1}.Debug|x86.Build.0 = Debug|x86
		{7C24D56B-CBF9-4379-A75B-75125ED966D1}.Release|x86.ActiveCfg = Release|x86
		{7C24D56B-CBF9-4379-A75B-75125ED966D1}.Release|x86.Build.0 = Release|x86
		{4E305E50-A92E-4AC6-8542-AB0C107C395D}.Debug|x86.ActiveCfg = Debug|x86
		{4E305E50-A92E-4AC6-8542-AB0C107C395D}.Debug|x86.Build.0 = Debug|x86
		{4E305E50-A92E-4AC6-8542-AB0C107C395D}.Release|x86.ActiveCfg = Release|x86
		{4E305E50-A92E-4AC6-8542-AB0C107C395D}.Release|x86.Build.0 = Release|x86
		{FBB7C45A-9D75-4E14-99C3-07EEDCA3722A}.Debug|x86.ActiveCfg = Debug|x86
		{FBB7C45A-9D75-4E14-99C3-07EEDCA3722A}.Debug|x86.Build.0 = Debug|x86
		{FBB7C45A-9D75-4E14-99C3-07EEDCA3722A}.Release|x86.ActiveCfg = Release|x86
		{FBB7C45A-9D75-4E14-99C3-07EEDCA3722A}.Release|x86.Build.0 = Release|x86
		{64D0001E-7FA7-446C-A148-E8639B3AB589}.Debug|x86.ActiveCfg = Debug|x86
		{64D0001E-7FA7-446C-A148-E8639B3AB589}.Debug|x86.Build.0 = Debug|x86
		{64D0001E-7FA7-446C-A148-E8639B3AB589}.Release|x86.ActiveCfg = Release|x86
		{64D0001E-7FA7-446C-A148-E8639B3AB589}.Release|x86.Build.0 = Release|x86
		{8646A535-664A-4D2C-B25F-AEBEAF1356A0}.Debug|x86.ActiveCfg = Debug|x86
		{8646A535-664A-4D2C-B25F-AEBEAF1356A0}.Debug|x86.Build.0 = Debug|x86
		{8646A535-664A-4D2C-B25F-AEBEAF1356A0}.Release|x86.ActiveCfg = Release|x86
		{8646A535-664A-4D2C-B25F-AEBEAF1356A0}.Release|x86.Build.0 = Release|x86
		{70D6447B-E38C-4909-A973-DF77963EE222}.Debug|x86.ActiveCfg = Debug|x86
		{70D6447B-E38C-4909-A973-DF77963EE222}.Debug|x86.Build.0 = Debug|x86
		{70D6447B-E38C-4909-A973-DF77963EE222}.Release|x86.ActiveCfg = Release|x86
		{70D6447B-E38C-4909-A973-DF77963EE222}.Release|x86.Build.0 = Release|x86
		{E80665A2-2048-43C5-A201-DAC1D8A8C93D}.Debug|x86.ActiveCfg = Debug|x86
		{E80665A2-2048-43C5-A201-DAC1D8A8C93D}.Debug|x86.Build.0 = Debug|x86
		{E80665A2-2048-43C5-A201-DAC1D8A8C93D}.Release|x86.ActiveCfg = Release|x86
		{E80665A2-2048-43C5-A201-DAC1D8A8C93D}.Release|x86.Build.0 = Release|x86
		{A92969F8-8FBC-4E97-83E7-85696210D108}.Debug|x86.ActiveCfg = Debug|x86
		{A92969F8-8FBC-4E97-83E7-85696210D108}.Debug|x86.Build.0 = Debug|x86
		{A92969F8-8FBC-4E97-83E7-85696210D108}.Release|x86.ActiveCfg = Release|x86
		{A92969F8-8FBC-4E97-83E7-85696210D108}.Release|x86.Build.0 = Release|x86
		{8EA1507F-2C26-4289-8CFF-1B3510DC1092}.Debug|x86.ActiveCfg = Debug|x86
		{8EA1507F-2C26-4289-8CFF-1B3510DC1092}.Debug|x86.Build.0 = Debug|x86
		{8EA1507F-2C26-4289-8CFF-1B3510DC1092}.Release|x86.ActiveCfg = Release|x86
		{8EA1507F-2C26-4289-8CFF-1B3510DC1092}.Release|x86.Build.0 = Release|x86
		{4FA3CC31-2640-4B19-AD4B-6C622DEBC137}.Debug|x86.ActiveCfg = Debug|x86
		{4FA3CC31-2640-4B19-AD4B-6C622DEBC137}.Debug|x86.Build.0 = Debug|x86
		{4FA3CC31-2640-4B19-AD4B-6C622DEBC137}.Release|x86.ActiveCfg = Release|x86
		{4FA3CC31-2640-4B19-AD4B-6C622DEBC137}.Release|x86.Build.0 = Release|x86
		{1BE803F7-E668-4871-8C14-44F216ACD35B}.Debug|x86.ActiveCfg = Debug|x86
		{1BE803F7-E668-4871-8C14-44F216ACD35B}.Debug|x86.Build.0 = Debug|x86
		{1BE803F7-E668-4871-8C14-44F216ACD35B}.Release|x86.ActiveCfg = Release|x86
		{1BE803F7-E668-4871-8C14-44F216ACD35B}.Release|x86.Build.0 = Release|x86
		{99F6C6F5-1DB5-4D80-A93B-012C741B7896}.Debug|x86.ActiveCfg = Debug|x86
		{99F6C6F5-1DB5-4D80-A93B-012C741B7896}.Debug|x86.Build.0 = Debug|x86
		{99F6C6F5-1DB5-4D80-A93B-012C741B7896}.Release|x86.ActiveCfg = Release|x86
		{99F6C6F5-1DB5-4D80-A93B-012C741B7896}.Release|x86.Build.0 = Release|x86
		{EC01B58D-65B4-46C6-BBFB-2861480382E4}.Debug|x86.ActiveCfg = Debug|x86
		{EC01B58D-65B4-46C6-BBFB-2861480382E4}.Debug|x86.Build.0 = Debug|x86
		{EC01B58D-65B4-46C6-BBFB-2861480382E4}.Release|x86.ActiveCfg = Release|x86
		{EC01B58D-65B4-46C6-BBFB-2861480382E4}.Release|x86.Build.0 = Release|x86
		{0CA47150-481E-4B94-86D2-3B97A8D08CC7}.Debug|x86.ActiveCfg = Debug|x86
		{0CA47150-481E-4B94-86D2-3B97A8D08CC7}.Debug|x86.Build.0 = Debug|x86
		{0CA47150-481E-4B94-86D2-3B97A8D08CC7}.Release|x86.ActiveCfg = Release|x86
		{0CA47150-481E-4B94-86D2-3B97A8D08CC7}.Release|x86.Build.0 = Release|x86
		{5966B416-162E-4CBE-AEA9-758F97AC47E1}.Debug|x86.ActiveCfg = Debug|x86
		{5966B416-162E-4CBE-AEA9-758F97AC47E1}.Debug|x86.Build.0 = Debug|x86
		{5966B416-162E-4CBE-AEA9-758F97AC47E1}.Release|x86.ActiveCfg = Release|x86
		{5966B416-162E-4CBE-AEA9-758F97AC47E1}.Release|x86.Build.0 = Release|x86
		{3E6E701D-768D-4F9A-AAB4-80F87A918F04}.Debug|x86.ActiveCfg = Debug|x86
		{3E6E701D-768D-4F9A-AAB4-80F87A918F04}.Debug|x86.Build.0 = Debug|x86
		{3E6E701D-768D-4F9A-AAB4-80F87A918F04}.Release|x86.ActiveCfg = Release|x86
		{3E6E701D-768D-4F9A-AAB4-80F87A918F04}.Release|x86.Build.0 = Release|x86
		{6AACAE45-F02B-4D71-B240-BAA24C1EE537}.Debug|x86.ActiveCfg = Debug|x86
		{6AACAE45-F02B-4D71-B240-BAA24C1EE537}.Debug|x86.Build.0 = Debug|x86
		{6AACAE45-F02B-4D71-B240-BAA24C1EE537}.Release|x86.ActiveCfg = Release|x86
		{6AACAE45-F02B-4D71-B240-BAA24C1EE537}.Release|x86.Build.0 = Release|x86
		{E514721E-60D6-4314-A200-84B3E498A1B1}.Debug|x86.ActiveCfg = Debug|x86
		{E514721E-60D6-4314-A200-84B3E498A1B1}.Debug|x86.Build.0 = Debug|x86
		{E514721E-60D6-4314-A200-84B3E498A1B1}.Release|x86.ActiveCfg = Release|x86
		{E514721E-60D6-4314-A200-84B3E498A1B1}.Release|x86.Build.0 = Release|x86
		{19B8BB75-5B1A-4302-95F8-84AB7EA2375E}.Debug|x86.ActiveCfg = Debug|x86
		{19B8BB75-5B1A-4302-95F8-84AB7EA2375E}.Debug|x86.Build.0 = Debug|x86
		{19B8BB75-5B1A-4302-95F8-84AB7EA2375E}.Release|x86.ActiveCfg = Release|x86
		{19B8BB75-5B1A-4302-95F8-84AB7EA2375E}.Release|x86.Build.0 = Release|x86
		{F6E8B7D5-F3BA-48D4-A25B-A9D1CF41382B}.Debug|x86.ActiveCfg = Debug|x86
		{F6E8B7D5-F3BA-48D4-A25B-A9D1CF41382B}.Debug|x86.Build.0 = Debug|x86
		{F6E8B7D5-F3BA-48D4-A25B-A9D1CF41382B}.Release|x86.ActiveCfg = Release|x86
		{F6E8B7D5-F3BA-48D4-A25B-A9D1CF41382B}.Release|x86.Build.0 = Release|x86
		{BA7B1179-4749-47DC-B54E-89E1423453D2}.Debug|x86.ActiveCfg = Debug|x86
		{BA7B1179-4749-47DC-B54E-89E1423453D2}.Debug|x86.Build.0 = Debug|x86
		{BA7B1179-4749-47DC-B54E-89E1423453D2}.Release|x86.ActiveCfg = Release|x86
		{BA7B1179-4749-47DC-B54E-89E1423453D2}.Release|x86.Build.0 = Release|x86
	EndGlobalSection
	GlobalSection(SolutionProperties) = preSolution
		HideSolutionNode = FALSE
	EndGlobalSection
EndGlobal
