
Microsoft Visual Studio Solution File, Format Version 12.00
# Visual Studio Version 17
VisualStudioVersion = 17.6.33829.357
MinimumVisualStudioVersion = 10.0.40219.1
Project("{FAE04EC0-301F-11D3-BF4B-00C04F79EFBC}") = "CTS", "CTS\CTS.csproj", "{3FA597F7-8980-418C-B66C-F36A9FDBBFDE}"
EndProject
Project("{FAE04EC0-301F-11D3-BF4B-00C04F79EFBC}") = "TestOperator", "TestOperator\TestOperator.csproj", "{4066AE7B-1802-43CC-B7F0-25084A36A09F}"
EndProject
Project("{FAE04EC0-301F-11D3-BF4B-00C04F79EFBC}") = "TestInteger", "TestInteger\TestInteger.csproj", "{58AA24CE-03C2-46EE-8761-0C9B3FA2AD89}"
EndProject
Project("{FAE04EC0-301F-11D3-BF4B-00C04F79EFBC}") = "Casting", "Casting\Casting.csproj", "{7F7B68B7-1AC7-467B-A7AA-A660968D0695}"
EndProject
Project("{FAE04EC0-301F-11D3-BF4B-00C04F79EFBC}") = "Overflow", "Overflow\Overflow.csproj", "{8D4F966B-1F83-42E4-A611-D40435F60254}"
EndProject
Project("{FAE04EC0-301F-11D3-BF4B-00C04F79EFBC}") = "SizeOf", "SizeOf\SizeOf.csproj", "{375237DE-9C23-44D4-ADFC-6624DF9CB470}"
EndProject
Project("{FAE04EC0-301F-11D3-BF4B-00C04F79EFBC}") = "FloatingPointTypes", "FloatinPointTypes\FloatingPointTypes.csproj", "{183B165F-C1D8-4B15-BB18-7E59C8B91386}"
EndProject
Project("{FAE04EC0-301F-11D3-BF4B-00C04F79EFBC}") = "CircleClass", "CircleClass\CircleClass.csproj", "{94034C98-7690-460B-B349-9E80E9377BD4}"
EndProject
Project("{FAE04EC0-301F-11D3-BF4B-00C04F79EFBC}") = "CircleStruct", "CircleStruct\CircleStruct.csproj", "{1B72B50B-EFE7-4BC6-8CF7-C16739BC3116}"
EndProject
Project("{FAE04EC0-301F-11D3-BF4B-00C04F79EFBC}") = "TestGC", "TestGC\TestGC.csproj", "{051CE56E-E4C7-4BBC-9F26-78DD5589DA27}"
EndProject
Project("{FAE04EC0-301F-11D3-BF4B-00C04F79EFBC}") = "Island", "Island\Island.csproj", "{C6F698E4-32E6-41E3-B537-B86A3FB15A0B}"
EndProject
Project("{FAE04EC0-301F-11D3-BF4B-00C04F79EFBC}") = "DestructorChain", "DestructorChain\DestructorChain.csproj", "{006995DE-12BB-48F1-8E7C-B2BFF685C2CA}"
EndProject
Project("{FAE04EC0-301F-11D3-BF4B-00C04F79EFBC}") = "TestEnum", "TestEnum\TestEnum.csproj", "{1F36C50E-0857-4272-97D1-396859F1F5F6}"
EndProject
Project("{FAE04EC0-301F-11D3-BF4B-00C04F79EFBC}") = "Equality", "Equality\Equality.csproj", "{9AC618E5-D3D6-404F-9DD3-AA0452AE7222}"
EndProject
Project("{FAE04EC0-301F-11D3-BF4B-00C04F79EFBC}") = "Array1D", "Array1D\Array1D.csproj", "{C586399C-87BF-4075-97D3-82364A25EDD6}"
EndProject
Project("{FAE04EC0-301F-11D3-BF4B-00C04F79EFBC}") = "Array2D", "Array2D\Array2D.csproj", "{E27A5550-2C04-4787-AF88-83D3317922AD}"
EndProject
Project("{FAE04EC0-301F-11D3-BF4B-00C04F79EFBC}") = "ArrayOfArray", "ArrayOfArray\ArrayOfArray.csproj", "{1E66DDD7-7516-4DA2-A7B2-F651249161E3}"
EndProject
Project("{FAE04EC0-301F-11D3-BF4B-00C04F79EFBC}") = "ComplexValueType", "ComplexValueType\ComplexValueType.csproj", "{407CF7F6-8E6E-43BE-9EE5-88D18C3E6EA9}"
EndProject
Project("{FAE04EC0-301F-11D3-BF4B-00C04F79EFBC}") = "JaggedArray", "JaggedArray\JaggedArray.csproj", "{60EF35AC-F0B0-4EDE-8ED2-44071B11F79D}"
EndProject
Project("{FAE04EC0-301F-11D3-BF4B-00C04F79EFBC}") = "Matrix1", "Matrix1\Matrix1.csproj", "{8DE0E82B-187D-4DDE-B60D-86496D919963}"
EndProject
Project("{FAE04EC0-301F-11D3-BF4B-00C04F79EFBC}") = "Matrix2", "Matrix2\Matrix2.csproj", "{53CBEB98-BA58-4698-99DC-58B166484C2C}"
EndProject
Project("{FAE04EC0-301F-11D3-BF4B-00C04F79EFBC}") = "Matrix3", "Matrix3\Matrix3.csproj", "{6D781438-3386-44E8-A04B-DAB7A744B02C}"
EndProject
Project("{FAE04EC0-301F-11D3-BF4B-00C04F79EFBC}") = "Matrix4", "Matrix4\Matrix4.csproj", "{CC414EB7-C1E4-44F3-96CC-0634BC154F76}"
EndProject
Project("{FAE04EC0-301F-11D3-BF4B-00C04F79EFBC}") = "Matrix5", "Matrix5\Matrix5.csproj", "{BA6122B1-EFD7-484D-B7ED-9C40E86365B9}"
EndProject
Project("{FAE04EC0-301F-11D3-BF4B-00C04F79EFBC}") = "Matrix6", "Matrix6\Matrix6.csproj", "{E9650C07-645C-46A8-B47E-71895985A7F2}"
EndProject
Project("{FAE04EC0-301F-11D3-BF4B-00C04F79EFBC}") = "Matrix7", "Matrix7\Matrix7.csproj", "{F51125CA-7734-401A-AB23-BB0FE83F5BBD}"
EndProject
Project("{FAE04EC0-301F-11D3-BF4B-00C04F79EFBC}") = "Matrix8", "Matrix8\Matrix8.csproj", "{E945F897-3D05-4106-8217-DF8EB148F313}"
EndProject
Project("{FAE04EC0-301F-11D3-BF4B-00C04F79EFBC}") = "NullableType", "NullableType\NullableType.csproj", "{93A0442F-77D6-4C8A-B353-008E9618F111}"
EndProject
Project("{FAE04EC0-301F-11D3-BF4B-00C04F79EFBC}") = "SimpleValueType", "SimpleValueType\SimpleValueType.csproj", "{866019F2-3C9D-4D80-810C-1A79CD79F887}"
EndProject
Project("{FAE04EC0-301F-11D3-BF4B-00C04F79EFBC}") = "ValueVsReference", "ValueVsReference\ValueVsReference.csproj", "{BB4DB1B6-9624-4A79-BAAA-7E05A5A89A51}"
EndProject
Project("{FAE04EC0-301F-11D3-BF4B-00C04F79EFBC}") = "Unicode", "Unicode\Unicode.csproj", "{92BF99BC-71E1-4475-B6F3-F2C4C3AED68B}"
EndProject
Project("{FAE04EC0-301F-11D3-BF4B-00C04F79EFBC}") = "DisposableFramework", "DisposableFramework\DisposableFramework.csproj", "{95B672DE-33E0-40B6-9CBC-4DFF58D7B346}"
EndProject
Project("{FAE04EC0-301F-11D3-BF4B-00C04F79EFBC}") = "Magic3x3", "Magic3x3\Magic3x3.csproj", "{9206B215-CF58-4A51-99EB-AFDA0E624F76}"
EndProject
Project("{FAE04EC0-301F-11D3-BF4B-00C04F79EFBC}") = "Bitwise", "Bitwise\Bitwise.csproj", "{7E5015B6-47EE-4B34-84FE-80BA4AFECC7C}"
EndProject
Project("{FAE04EC0-301F-11D3-BF4B-00C04F79EFBC}") = "Queens", "Queens\Queens.csproj", "{263FECD2-8478-4ED1-BABC-B4BE4715EC8D}"
EndProject
Project("{FAE04EC0-301F-11D3-BF4B-00C04F79EFBC}") = "Magic", "Magic\Magic.csproj", "{9E0110AB-410B-44C7-A972-F148E16DF12E}"
EndProject
Global
	GlobalSection(SolutionConfigurationPlatforms) = preSolution
		Debug|Any CPU = Debug|Any CPU
		Debug|x86 = Debug|x86
		Release|Any CPU = Release|Any CPU
		Release|x86 = Release|x86
	EndGlobalSection
	GlobalSection(ProjectConfigurationPlatforms) = postSolution
		{3FA597F7-8980-418C-B66C-F36A9FDBBFDE}.Debug|Any CPU.ActiveCfg = Debug|x86
		{3FA597F7-8980-418C-B66C-F36A9FDBBFDE}.Debug|x86.ActiveCfg = Debug|x86
		{3FA597F7-8980-418C-B66C-F36A9FDBBFDE}.Debug|x86.Build.0 = Debug|x86
		{3FA597F7-8980-418C-B66C-F36A9FDBBFDE}.Release|Any CPU.ActiveCfg = Release|x86
		{3FA597F7-8980-418C-B66C-F36A9FDBBFDE}.Release|x86.ActiveCfg = Release|x86
		{3FA597F7-8980-418C-B66C-F36A9FDBBFDE}.Release|x86.Build.0 = Release|x86
		{4066AE7B-1802-43CC-B7F0-25084A36A09F}.Debug|Any CPU.ActiveCfg = Debug|x86
		{4066AE7B-1802-43CC-B7F0-25084A36A09F}.Debug|x86.ActiveCfg = Debug|x86
		{4066AE7B-1802-43CC-B7F0-25084A36A09F}.Debug|x86.Build.0 = Debug|x86
		{4066AE7B-1802-43CC-B7F0-25084A36A09F}.Release|Any CPU.ActiveCfg = Release|x86
		{4066AE7B-1802-43CC-B7F0-25084A36A09F}.Release|x86.ActiveCfg = Release|x86
		{4066AE7B-1802-43CC-B7F0-25084A36A09F}.Release|x86.Build.0 = Release|x86
		{58AA24CE-03C2-46EE-8761-0C9B3FA2AD89}.Debug|Any CPU.ActiveCfg = Debug|x86
		{58AA24CE-03C2-46EE-8761-0C9B3FA2AD89}.Debug|x86.ActiveCfg = Debug|x86
		{58AA24CE-03C2-46EE-8761-0C9B3FA2AD89}.Debug|x86.Build.0 = Debug|x86
		{58AA24CE-03C2-46EE-8761-0C9B3FA2AD89}.Release|Any CPU.ActiveCfg = Release|x86
		{58AA24CE-03C2-46EE-8761-0C9B3FA2AD89}.Release|x86.ActiveCfg = Release|x86
		{58AA24CE-03C2-46EE-8761-0C9B3FA2AD89}.Release|x86.Build.0 = Release|x86
		{7F7B68B7-1AC7-467B-A7AA-A660968D0695}.Debug|Any CPU.ActiveCfg = Debug|x86
		{7F7B68B7-1AC7-467B-A7AA-A660968D0695}.Debug|x86.ActiveCfg = Debug|x86
		{7F7B68B7-1AC7-467B-A7AA-A660968D0695}.Debug|x86.Build.0 = Debug|x86
		{7F7B68B7-1AC7-467B-A7AA-A660968D0695}.Release|Any CPU.ActiveCfg = Release|x86
		{7F7B68B7-1AC7-467B-A7AA-A660968D0695}.Release|x86.ActiveCfg = Release|x86
		{7F7B68B7-1AC7-467B-A7AA-A660968D0695}.Release|x86.Build.0 = Release|x86
		{8D4F966B-1F83-42E4-A611-D40435F60254}.Debug|Any CPU.ActiveCfg = Debug|x86
		{8D4F966B-1F83-42E4-A611-D40435F60254}.Debug|x86.ActiveCfg = Debug|x86
		{8D4F966B-1F83-42E4-A611-D40435F60254}.Debug|x86.Build.0 = Debug|x86
		{8D4F966B-1F83-42E4-A611-D40435F60254}.Release|Any CPU.ActiveCfg = Release|x86
		{8D4F966B-1F83-42E4-A611-D40435F60254}.Release|x86.ActiveCfg = Release|x86
		{8D4F966B-1F83-42E4-A611-D40435F60254}.Release|x86.Build.0 = Release|x86
		{375237DE-9C23-44D4-ADFC-6624DF9CB470}.Debug|Any CPU.ActiveCfg = Debug|x86
		{375237DE-9C23-44D4-ADFC-6624DF9CB470}.Debug|x86.ActiveCfg = Debug|x86
		{375237DE-9C23-44D4-ADFC-6624DF9CB470}.Debug|x86.Build.0 = Debug|x86
		{375237DE-9C23-44D4-ADFC-6624DF9CB470}.Release|Any CPU.ActiveCfg = Release|x86
		{375237DE-9C23-44D4-ADFC-6624DF9CB470}.Release|x86.ActiveCfg = Release|x86
		{375237DE-9C23-44D4-ADFC-6624DF9CB470}.Release|x86.Build.0 = Release|x86
		{183B165F-C1D8-4B15-BB18-7E59C8B91386}.Debug|Any CPU.ActiveCfg = Debug|x86
		{183B165F-C1D8-4B15-BB18-7E59C8B91386}.Debug|x86.ActiveCfg = Debug|x86
		{183B165F-C1D8-4B15-BB18-7E59C8B91386}.Debug|x86.Build.0 = Debug|x86
		{183B165F-C1D8-4B15-BB18-7E59C8B91386}.Release|Any CPU.ActiveCfg = Release|x86
		{183B165F-C1D8-4B15-BB18-7E59C8B91386}.Release|x86.ActiveCfg = Release|x86
		{183B165F-C1D8-4B15-BB18-7E59C8B91386}.Release|x86.Build.0 = Release|x86
		{94034C98-7690-460B-B349-9E80E9377BD4}.Debug|Any CPU.ActiveCfg = Debug|x86
		{94034C98-7690-460B-B349-9E80E9377BD4}.Debug|x86.ActiveCfg = Debug|x86
		{94034C98-7690-460B-B349-9E80E9377BD4}.Debug|x86.Build.0 = Debug|x86
		{94034C98-7690-460B-B349-9E80E9377BD4}.Release|Any CPU.ActiveCfg = Release|x86
		{94034C98-7690-460B-B349-9E80E9377BD4}.Release|x86.ActiveCfg = Release|x86
		{94034C98-7690-460B-B349-9E80E9377BD4}.Release|x86.Build.0 = Release|x86
		{1B72B50B-EFE7-4BC6-8CF7-C16739BC3116}.Debug|Any CPU.ActiveCfg = Debug|x86
		{1B72B50B-EFE7-4BC6-8CF7-C16739BC3116}.Debug|x86.ActiveCfg = Debug|x86
		{1B72B50B-EFE7-4BC6-8CF7-C16739BC3116}.Debug|x86.Build.0 = Debug|x86
		{1B72B50B-EFE7-4BC6-8CF7-C16739BC3116}.Release|Any CPU.ActiveCfg = Release|x86
		{1B72B50B-EFE7-4BC6-8CF7-C16739BC3116}.Release|x86.ActiveCfg = Release|x86
		{1B72B50B-EFE7-4BC6-8CF7-C16739BC3116}.Release|x86.Build.0 = Release|x86
		{051CE56E-E4C7-4BBC-9F26-78DD5589DA27}.Debug|Any CPU.ActiveCfg = Debug|x86
		{051CE56E-E4C7-4BBC-9F26-78DD5589DA27}.Debug|x86.ActiveCfg = Debug|x86
		{051CE56E-E4C7-4BBC-9F26-78DD5589DA27}.Debug|x86.Build.0 = Debug|x86
		{051CE56E-E4C7-4BBC-9F26-78DD5589DA27}.Release|Any CPU.ActiveCfg = Release|x86
		{051CE56E-E4C7-4BBC-9F26-78DD5589DA27}.Release|x86.ActiveCfg = Release|x86
		{051CE56E-E4C7-4BBC-9F26-78DD5589DA27}.Release|x86.Build.0 = Release|x86
		{C6F698E4-32E6-41E3-B537-B86A3FB15A0B}.Debug|Any CPU.ActiveCfg = Debug|x86
		{C6F698E4-32E6-41E3-B537-B86A3FB15A0B}.Debug|x86.ActiveCfg = Debug|x86
		{C6F698E4-32E6-41E3-B537-B86A3FB15A0B}.Debug|x86.Build.0 = Debug|x86
		{C6F698E4-32E6-41E3-B537-B86A3FB15A0B}.Release|Any CPU.ActiveCfg = Release|x86
		{C6F698E4-32E6-41E3-B537-B86A3FB15A0B}.Release|x86.ActiveCfg = Release|x86
		{C6F698E4-32E6-41E3-B537-B86A3FB15A0B}.Release|x86.Build.0 = Release|x86
		{006995DE-12BB-48F1-8E7C-B2BFF685C2CA}.Debug|Any CPU.ActiveCfg = Debug|x86
		{006995DE-12BB-48F1-8E7C-B2BFF685C2CA}.Debug|x86.ActiveCfg = Debug|x86
		{006995DE-12BB-48F1-8E7C-B2BFF685C2CA}.Debug|x86.Build.0 = Debug|x86
		{006995DE-12BB-48F1-8E7C-B2BFF685C2CA}.Release|Any CPU.ActiveCfg = Release|x86
		{006995DE-12BB-48F1-8E7C-B2BFF685C2CA}.Release|x86.ActiveCfg = Release|x86
		{006995DE-12BB-48F1-8E7C-B2BFF685C2CA}.Release|x86.Build.0 = Release|x86
		{1F36C50E-0857-4272-97D1-396859F1F5F6}.Debug|Any CPU.ActiveCfg = Debug|x86
		{1F36C50E-0857-4272-97D1-396859F1F5F6}.Debug|x86.ActiveCfg = Debug|x86
		{1F36C50E-0857-4272-97D1-396859F1F5F6}.Debug|x86.Build.0 = Debug|x86
		{1F36C50E-0857-4272-97D1-396859F1F5F6}.Release|Any CPU.ActiveCfg = Release|x86
		{1F36C50E-0857-4272-97D1-396859F1F5F6}.Release|x86.ActiveCfg = Release|x86
		{1F36C50E-0857-4272-97D1-396859F1F5F6}.Release|x86.Build.0 = Release|x86
		{9AC618E5-D3D6-404F-9DD3-AA0452AE7222}.Debug|Any CPU.ActiveCfg = Debug|x86
		{9AC618E5-D3D6-404F-9DD3-AA0452AE7222}.Debug|x86.ActiveCfg = Debug|x86
		{9AC618E5-D3D6-404F-9DD3-AA0452AE7222}.Debug|x86.Build.0 = Debug|x86
		{9AC618E5-D3D6-404F-9DD3-AA0452AE7222}.Release|Any CPU.ActiveCfg = Release|x86
		{9AC618E5-D3D6-404F-9DD3-AA0452AE7222}.Release|x86.ActiveCfg = Release|x86
		{9AC618E5-D3D6-404F-9DD3-AA0452AE7222}.Release|x86.Build.0 = Release|x86
		{C586399C-87BF-4075-97D3-82364A25EDD6}.Debug|Any CPU.ActiveCfg = Debug|x86
		{C586399C-87BF-4075-97D3-82364A25EDD6}.Debug|x86.ActiveCfg = Debug|x86
		{C586399C-87BF-4075-97D3-82364A25EDD6}.Debug|x86.Build.0 = Debug|x86
		{C586399C-87BF-4075-97D3-82364A25EDD6}.Release|Any CPU.ActiveCfg = Release|x86
		{C586399C-87BF-4075-97D3-82364A25EDD6}.Release|x86.ActiveCfg = Release|x86
		{C586399C-87BF-4075-97D3-82364A25EDD6}.Release|x86.Build.0 = Release|x86
		{E27A5550-2C04-4787-AF88-83D3317922AD}.Debug|Any CPU.ActiveCfg = Debug|x86
		{E27A5550-2C04-4787-AF88-83D3317922AD}.Debug|x86.ActiveCfg = Debug|x86
		{E27A5550-2C04-4787-AF88-83D3317922AD}.Debug|x86.Build.0 = Debug|x86
		{E27A5550-2C04-4787-AF88-83D3317922AD}.Release|Any CPU.ActiveCfg = Release|x86
		{E27A5550-2C04-4787-AF88-83D3317922AD}.Release|x86.ActiveCfg = Release|x86
		{E27A5550-2C04-4787-AF88-83D3317922AD}.Release|x86.Build.0 = Release|x86
		{1E66DDD7-7516-4DA2-A7B2-F651249161E3}.Debug|Any CPU.ActiveCfg = Debug|x86
		{1E66DDD7-7516-4DA2-A7B2-F651249161E3}.Debug|x86.ActiveCfg = Debug|x86
		{1E66DDD7-7516-4DA2-A7B2-F651249161E3}.Debug|x86.Build.0 = Debug|x86
		{1E66DDD7-7516-4DA2-A7B2-F651249161E3}.Release|Any CPU.ActiveCfg = Release|x86
		{1E66DDD7-7516-4DA2-A7B2-F651249161E3}.Release|x86.ActiveCfg = Release|x86
		{1E66DDD7-7516-4DA2-A7B2-F651249161E3}.Release|x86.Build.0 = Release|x86
		{407CF7F6-8E6E-43BE-9EE5-88D18C3E6EA9}.Debug|Any CPU.ActiveCfg = Debug|x86
		{407CF7F6-8E6E-43BE-9EE5-88D18C3E6EA9}.Debug|x86.ActiveCfg = Debug|x86
		{407CF7F6-8E6E-43BE-9EE5-88D18C3E6EA9}.Debug|x86.Build.0 = Debug|x86
		{407CF7F6-8E6E-43BE-9EE5-88D18C3E6EA9}.Release|Any CPU.ActiveCfg = Release|x86
		{407CF7F6-8E6E-43BE-9EE5-88D18C3E6EA9}.Release|x86.ActiveCfg = Release|x86
		{407CF7F6-8E6E-43BE-9EE5-88D18C3E6EA9}.Release|x86.Build.0 = Release|x86
		{60EF35AC-F0B0-4EDE-8ED2-44071B11F79D}.Debug|Any CPU.ActiveCfg = Debug|x86
		{60EF35AC-F0B0-4EDE-8ED2-44071B11F79D}.Debug|x86.ActiveCfg = Debug|x86
		{60EF35AC-F0B0-4EDE-8ED2-44071B11F79D}.Debug|x86.Build.0 = Debug|x86
		{60EF35AC-F0B0-4EDE-8ED2-44071B11F79D}.Release|Any CPU.ActiveCfg = Release|x86
		{60EF35AC-F0B0-4EDE-8ED2-44071B11F79D}.Release|x86.ActiveCfg = Release|x86
		{60EF35AC-F0B0-4EDE-8ED2-44071B11F79D}.Release|x86.Build.0 = Release|x86
		{8DE0E82B-187D-4DDE-B60D-86496D919963}.Debug|Any CPU.ActiveCfg = Debug|x86
		{8DE0E82B-187D-4DDE-B60D-86496D919963}.Debug|x86.ActiveCfg = Debug|x86
		{8DE0E82B-187D-4DDE-B60D-86496D919963}.Debug|x86.Build.0 = Debug|x86
		{8DE0E82B-187D-4DDE-B60D-86496D919963}.Release|Any CPU.ActiveCfg = Release|x86
		{8DE0E82B-187D-4DDE-B60D-86496D919963}.Release|x86.ActiveCfg = Release|x86
		{8DE0E82B-187D-4DDE-B60D-86496D919963}.Release|x86.Build.0 = Release|x86
		{53CBEB98-BA58-4698-99DC-58B166484C2C}.Debug|Any CPU.ActiveCfg = Debug|x86
		{53CBEB98-BA58-4698-99DC-58B166484C2C}.Debug|x86.ActiveCfg = Debug|x86
		{53CBEB98-BA58-4698-99DC-58B166484C2C}.Debug|x86.Build.0 = Debug|x86
		{53CBEB98-BA58-4698-99DC-58B166484C2C}.Release|Any CPU.ActiveCfg = Release|x86
		{53CBEB98-BA58-4698-99DC-58B166484C2C}.Release|x86.ActiveCfg = Release|x86
		{53CBEB98-BA58-4698-99DC-58B166484C2C}.Release|x86.Build.0 = Release|x86
		{6D781438-3386-44E8-A04B-DAB7A744B02C}.Debug|Any CPU.ActiveCfg = Debug|x86
		{6D781438-3386-44E8-A04B-DAB7A744B02C}.Debug|x86.ActiveCfg = Debug|x86
		{6D781438-3386-44E8-A04B-DAB7A744B02C}.Debug|x86.Build.0 = Debug|x86
		{6D781438-3386-44E8-A04B-DAB7A744B02C}.Release|Any CPU.ActiveCfg = Release|x86
		{6D781438-3386-44E8-A04B-DAB7A744B02C}.Release|x86.ActiveCfg = Release|x86
		{6D781438-3386-44E8-A04B-DAB7A744B02C}.Release|x86.Build.0 = Release|x86
		{CC414EB7-C1E4-44F3-96CC-0634BC154F76}.Debug|Any CPU.ActiveCfg = Debug|x86
		{CC414EB7-C1E4-44F3-96CC-0634BC154F76}.Debug|x86.ActiveCfg = Debug|x86
		{CC414EB7-C1E4-44F3-96CC-0634BC154F76}.Debug|x86.Build.0 = Debug|x86
		{CC414EB7-C1E4-44F3-96CC-0634BC154F76}.Release|Any CPU.ActiveCfg = Release|x86
		{CC414EB7-C1E4-44F3-96CC-0634BC154F76}.Release|x86.ActiveCfg = Release|x86
		{CC414EB7-C1E4-44F3-96CC-0634BC154F76}.Release|x86.Build.0 = Release|x86
		{BA6122B1-EFD7-484D-B7ED-9C40E86365B9}.Debug|Any CPU.ActiveCfg = Debug|x86
		{BA6122B1-EFD7-484D-B7ED-9C40E86365B9}.Debug|x86.ActiveCfg = Debug|x86
		{BA6122B1-EFD7-484D-B7ED-9C40E86365B9}.Debug|x86.Build.0 = Debug|x86
		{BA6122B1-EFD7-484D-B7ED-9C40E86365B9}.Release|Any CPU.ActiveCfg = Release|x86
		{BA6122B1-EFD7-484D-B7ED-9C40E86365B9}.Release|x86.ActiveCfg = Release|x86
		{BA6122B1-EFD7-484D-B7ED-9C40E86365B9}.Release|x86.Build.0 = Release|x86
		{E9650C07-645C-46A8-B47E-71895985A7F2}.Debug|Any CPU.ActiveCfg = Debug|x86
		{E9650C07-645C-46A8-B47E-71895985A7F2}.Debug|x86.ActiveCfg = Debug|x86
		{E9650C07-645C-46A8-B47E-71895985A7F2}.Debug|x86.Build.0 = Debug|x86
		{E9650C07-645C-46A8-B47E-71895985A7F2}.Release|Any CPU.ActiveCfg = Release|x86
		{E9650C07-645C-46A8-B47E-71895985A7F2}.Release|x86.ActiveCfg = Release|x86
		{E9650C07-645C-46A8-B47E-71895985A7F2}.Release|x86.Build.0 = Release|x86
		{F51125CA-7734-401A-AB23-BB0FE83F5BBD}.Debug|Any CPU.ActiveCfg = Debug|x86
		{F51125CA-7734-401A-AB23-BB0FE83F5BBD}.Debug|x86.ActiveCfg = Debug|x86
		{F51125CA-7734-401A-AB23-BB0FE83F5BBD}.Debug|x86.Build.0 = Debug|x86
		{F51125CA-7734-401A-AB23-BB0FE83F5BBD}.Release|Any CPU.ActiveCfg = Release|x86
		{F51125CA-7734-401A-AB23-BB0FE83F5BBD}.Release|x86.ActiveCfg = Release|x86
		{F51125CA-7734-401A-AB23-BB0FE83F5BBD}.Release|x86.Build.0 = Release|x86
		{E945F897-3D05-4106-8217-DF8EB148F313}.Debug|Any CPU.ActiveCfg = Debug|x86
		{E945F897-3D05-4106-8217-DF8EB148F313}.Debug|x86.ActiveCfg = Debug|x86
		{E945F897-3D05-4106-8217-DF8EB148F313}.Debug|x86.Build.0 = Debug|x86
		{E945F897-3D05-4106-8217-DF8EB148F313}.Release|Any CPU.ActiveCfg = Release|x86
		{E945F897-3D05-4106-8217-DF8EB148F313}.Release|x86.ActiveCfg = Release|x86
		{E945F897-3D05-4106-8217-DF8EB148F313}.Release|x86.Build.0 = Release|x86
		{93A0442F-77D6-4C8A-B353-008E9618F111}.Debug|Any CPU.ActiveCfg = Debug|x86
		{93A0442F-77D6-4C8A-B353-008E9618F111}.Debug|x86.ActiveCfg = Debug|x86
		{93A0442F-77D6-4C8A-B353-008E9618F111}.Debug|x86.Build.0 = Debug|x86
		{93A0442F-77D6-4C8A-B353-008E9618F111}.Release|Any CPU.ActiveCfg = Release|x86
		{93A0442F-77D6-4C8A-B353-008E9618F111}.Release|x86.ActiveCfg = Release|x86
		{93A0442F-77D6-4C8A-B353-008E9618F111}.Release|x86.Build.0 = Release|x86
		{866019F2-3C9D-4D80-810C-1A79CD79F887}.Debug|Any CPU.ActiveCfg = Debug|x86
		{866019F2-3C9D-4D80-810C-1A79CD79F887}.Debug|x86.ActiveCfg = Debug|x86
		{866019F2-3C9D-4D80-810C-1A79CD79F887}.Debug|x86.Build.0 = Debug|x86
		{866019F2-3C9D-4D80-810C-1A79CD79F887}.Release|Any CPU.ActiveCfg = Release|x86
		{866019F2-3C9D-4D80-810C-1A79CD79F887}.Release|x86.ActiveCfg = Release|x86
		{866019F2-3C9D-4D80-810C-1A79CD79F887}.Release|x86.Build.0 = Release|x86
		{BB4DB1B6-9624-4A79-BAAA-7E05A5A89A51}.Debug|Any CPU.ActiveCfg = Debug|x86
		{BB4DB1B6-9624-4A79-BAAA-7E05A5A89A51}.Debug|x86.ActiveCfg = Debug|x86
		{BB4DB1B6-9624-4A79-BAAA-7E05A5A89A51}.Debug|x86.Build.0 = Debug|x86
		{BB4DB1B6-9624-4A79-BAAA-7E05A5A89A51}.Release|Any CPU.ActiveCfg = Release|x86
		{BB4DB1B6-9624-4A79-BAAA-7E05A5A89A51}.Release|x86.ActiveCfg = Release|x86
		{BB4DB1B6-9624-4A79-BAAA-7E05A5A89A51}.Release|x86.Build.0 = Release|x86
		{92BF99BC-71E1-4475-B6F3-F2C4C3AED68B}.Debug|Any CPU.ActiveCfg = Debug|Any CPU
		{92BF99BC-71E1-4475-B6F3-F2C4C3AED68B}.Debug|Any CPU.Build.0 = Debug|Any CPU
		{92BF99BC-71E1-4475-B6F3-F2C4C3AED68B}.Debug|x86.ActiveCfg = Debug|Any CPU
		{92BF99BC-71E1-4475-B6F3-F2C4C3AED68B}.Debug|x86.Build.0 = Debug|Any CPU
		{92BF99BC-71E1-4475-B6F3-F2C4C3AED68B}.Release|Any CPU.ActiveCfg = Release|Any CPU
		{92BF99BC-71E1-4475-B6F3-F2C4C3AED68B}.Release|Any CPU.Build.0 = Release|Any CPU
		{92BF99BC-71E1-4475-B6F3-F2C4C3AED68B}.Release|x86.ActiveCfg = Release|Any CPU
		{92BF99BC-71E1-4475-B6F3-F2C4C3AED68B}.Release|x86.Build.0 = Release|Any CPU
		{95B672DE-33E0-40B6-9CBC-4DFF58D7B346}.Debug|Any CPU.ActiveCfg = Debug|Any CPU
		{95B672DE-33E0-40B6-9CBC-4DFF58D7B346}.Debug|Any CPU.Build.0 = Debug|Any CPU
		{95B672DE-33E0-40B6-9CBC-4DFF58D7B346}.Debug|x86.ActiveCfg = Debug|Any CPU
		{95B672DE-33E0-40B6-9CBC-4DFF58D7B346}.Debug|x86.Build.0 = Debug|Any CPU
		{95B672DE-33E0-40B6-9CBC-4DFF58D7B346}.Release|Any CPU.ActiveCfg = Release|Any CPU
		{95B672DE-33E0-40B6-9CBC-4DFF58D7B346}.Release|Any CPU.Build.0 = Release|Any CPU
		{95B672DE-33E0-40B6-9CBC-4DFF58D7B346}.Release|x86.ActiveCfg = Release|Any CPU
		{95B672DE-33E0-40B6-9CBC-4DFF58D7B346}.Release|x86.Build.0 = Release|Any CPU
		{9206B215-CF58-4A51-99EB-AFDA0E624F76}.Debug|Any CPU.ActiveCfg = Debug|Any CPU
		{9206B215-CF58-4A51-99EB-AFDA0E624F76}.Debug|Any CPU.Build.0 = Debug|Any CPU
		{9206B215-CF58-4A51-99EB-AFDA0E624F76}.Debug|x86.ActiveCfg = Debug|Any CPU
		{9206B215-CF58-4A51-99EB-AFDA0E624F76}.Debug|x86.Build.0 = Debug|Any CPU
		{9206B215-CF58-4A51-99EB-AFDA0E624F76}.Release|Any CPU.ActiveCfg = Release|Any CPU
		{9206B215-CF58-4A51-99EB-AFDA0E624F76}.Release|Any CPU.Build.0 = Release|Any CPU
		{9206B215-CF58-4A51-99EB-AFDA0E624F76}.Release|x86.ActiveCfg = Release|Any CPU
		{9206B215-CF58-4A51-99EB-AFDA0E624F76}.Release|x86.Build.0 = Release|Any CPU
		{7E5015B6-47EE-4B34-84FE-80BA4AFECC7C}.Debug|Any CPU.ActiveCfg = Debug|Any CPU
		{7E5015B6-47EE-4B34-84FE-80BA4AFECC7C}.Debug|Any CPU.Build.0 = Debug|Any CPU
		{7E5015B6-47EE-4B34-84FE-80BA4AFECC7C}.Debug|x86.ActiveCfg = Debug|Any CPU
		{7E5015B6-47EE-4B34-84FE-80BA4AFECC7C}.Debug|x86.Build.0 = Debug|Any CPU
		{7E5015B6-47EE-4B34-84FE-80BA4AFECC7C}.Release|Any CPU.ActiveCfg = Release|Any CPU
		{7E5015B6-47EE-4B34-84FE-80BA4AFECC7C}.Release|Any CPU.Build.0 = Release|Any CPU
		{7E5015B6-47EE-4B34-84FE-80BA4AFECC7C}.Release|x86.ActiveCfg = Release|Any CPU
		{7E5015B6-47EE-4B34-84FE-80BA4AFECC7C}.Release|x86.Build.0 = Release|Any CPU
		{263FECD2-8478-4ED1-BABC-B4BE4715EC8D}.Debug|Any CPU.ActiveCfg = Debug|Any CPU
		{263FECD2-8478-4ED1-BABC-B4BE4715EC8D}.Debug|Any CPU.Build.0 = Debug|Any CPU
		{263FECD2-8478-4ED1-BABC-B4BE4715EC8D}.Debug|x86.ActiveCfg = Debug|Any CPU
		{263FECD2-8478-4ED1-BABC-B4BE4715EC8D}.Debug|x86.Build.0 = Debug|Any CPU
		{263FECD2-8478-4ED1-BABC-B4BE4715EC8D}.Release|Any CPU.ActiveCfg = Release|Any CPU
		{263FECD2-8478-4ED1-BABC-B4BE4715EC8D}.Release|Any CPU.Build.0 = Release|Any CPU
		{263FECD2-8478-4ED1-BABC-B4BE4715EC8D}.Release|x86.ActiveCfg = Release|Any CPU
		{263FECD2-8478-4ED1-BABC-B4BE4715EC8D}.Release|x86.Build.0 = Release|Any CPU
		{9E0110AB-410B-44C7-A972-F148E16DF12E}.Debug|Any CPU.ActiveCfg = Debug|Any CPU
		{9E0110AB-410B-44C7-A972-F148E16DF12E}.Debug|Any CPU.Build.0 = Debug|Any CPU
		{9E0110AB-410B-44C7-A972-F148E16DF12E}.Debug|x86.ActiveCfg = Debug|Any CPU
		{9E0110AB-410B-44C7-A972-F148E16DF12E}.Debug|x86.Build.0 = Debug|Any CPU
		{9E0110AB-410B-44C7-A972-F148E16DF12E}.Release|Any CPU.ActiveCfg = Release|Any CPU
		{9E0110AB-410B-44C7-A972-F148E16DF12E}.Release|Any CPU.Build.0 = Release|Any CPU
		{9E0110AB-410B-44C7-A972-F148E16DF12E}.Release|x86.ActiveCfg = Release|Any CPU
		{9E0110AB-410B-44C7-A972-F148E16DF12E}.Release|x86.Build.0 = Release|Any CPU
	EndGlobalSection
	GlobalSection(SolutionProperties) = preSolution
		HideSolutionNode = FALSE
	EndGlobalSection
	GlobalSection(ExtensibilityGlobals) = postSolution
		SolutionGuid = {54871295-CA05-4673-9372-1E7CD5B54520}
	EndGlobalSection
EndGlobal
